
Microsoft Visual Studio Solution File, Format Version 12.00
# Visual Studio Version 17
VisualStudioVersion = 17.12.35707.178 d17.12
MinimumVisualStudioVersion = 10.0.40219.1
Project("{FAE04EC0-301F-11D3-BF4B-00C04F79EFBC}") = "TotalPrice", "TotalPrice\TotalPrice.csproj", "{6905C9C3-D7B1-42C3-BB53-5F8E5F3C0375}"
EndProject
Global
	GlobalSection(SolutionConfigurationPlatforms) = preSolution
		Debug|Any CPU = Debug|Any CPU
		Release|Any CPU = Release|Any CPU
	EndGlobalSection
	GlobalSection(ProjectConfigurationPlatforms) = postSolution
		{6905C9C3-D7B1-42C3-BB53-5F8E5F3C0375}.Debug|Any CPU.ActiveCfg = Debug|Any CPU
		{6905C9C3-D7B1-42C3-BB53-5F8E5F3C0375}.Debug|Any CPU.Build.0 = Debug|Any CPU
		{6905C9C3-D7B1-42C3-BB53-5F8E5F3C0375}.Release|Any CPU.ActiveCfg = Release|Any CPU
		{6905C9C3-D7B1-42C3-BB53-5F8E5F3C0375}.Release|Any CPU.Build.0 = Release|Any CPU
	EndGlobalSection
	GlobalSection(SolutionProperties) = preSolution
		HideSolutionNode = FALSE
	EndGlobalSection
EndGlobal
