
Microsoft Visual Studio Solution File, Format Version 12.00
# Visual Studio Version 17
VisualStudioVersion = 17.12.35527.113 d17.12
MinimumVisualStudioVersion = 10.0.40219.1
Project("{FAE04EC0-301F-11D3-BF4B-00C04F79EFBC}") = "Multiply", "Multiply\Multiply.csproj", "{CC8F1B93-B476-4624-B570-4D0486903D9F}"
EndProject
Global
	GlobalSection(SolutionConfigurationPlatforms) = preSolution
		Debug|Any CPU = Debug|Any CPU
		Release|Any CPU = Release|Any CPU
	EndGlobalSection
	GlobalSection(ProjectConfigurationPlatforms) = postSolution
		{CC8F1B93-B476-4624-B570-4D0486903D9F}.Debug|Any CPU.ActiveCfg = Debug|Any CPU
		{CC8F1B93-B476-4624-B570-4D0486903D9F}.Debug|Any CPU.Build.0 = Debug|Any CPU
		{CC8F1B93-B476-4624-B570-4D0486903D9F}.Release|Any CPU.ActiveCfg = Release|Any CPU
		{CC8F1B93-B476-4624-B570-4D0486903D9F}.Release|Any CPU.Build.0 = Release|Any CPU
	EndGlobalSection
	GlobalSection(SolutionProperties) = preSolution
		HideSolutionNode = FALSE
	EndGlobalSection
EndGlobal
