
Microsoft Visual Studio Solution File, Format Version 12.00
# Visual Studio Version 17
VisualStudioVersion = 17.12.35527.113 d17.12
MinimumVisualStudioVersion = 10.0.40219.1
Project("{FAE04EC0-301F-11D3-BF4B-00C04F79EFBC}") = "Count Number of Digits", "Count Number of Digits\Count Number of Digits.csproj", "{BFCA1E86-B6B5-4827-A8DE-43640F877025}"
EndProject
Global
	GlobalSection(SolutionConfigurationPlatforms) = preSolution
		Debug|Any CPU = Debug|Any CPU
		Release|Any CPU = Release|Any CPU
	EndGlobalSection
	GlobalSection(ProjectConfigurationPlatforms) = postSolution
		{BFCA1E86-B6B5-4827-A8DE-43640F877025}.Debug|Any CPU.ActiveCfg = Debug|Any CPU
		{BFCA1E86-B6B5-4827-A8DE-43640F877025}.Debug|Any CPU.Build.0 = Debug|Any CPU
		{BFCA1E86-B6B5-4827-A8DE-43640F877025}.Release|Any CPU.ActiveCfg = Release|Any CPU
		{BFCA1E86-B6B5-4827-A8DE-43640F877025}.Release|Any CPU.Build.0 = Release|Any CPU
	EndGlobalSection
	GlobalSection(SolutionProperties) = preSolution
		HideSolutionNode = FALSE
	EndGlobalSection
EndGlobal
