
Microsoft Visual Studio Solution File, Format Version 12.00
# Visual Studio Version 17
VisualStudioVersion = 17.12.35707.178 d17.12
MinimumVisualStudioVersion = 10.0.40219.1
Project("{FAE04EC0-301F-11D3-BF4B-00C04F79EFBC}") = "Register_Database", "Register_Database\Register_Database.csproj", "{8225C4B4-27B2-4A9E-A613-53CB540ABC86}"
EndProject
Global
	GlobalSection(SolutionConfigurationPlatforms) = preSolution
		Debug|Any CPU = Debug|Any CPU
		Release|Any CPU = Release|Any CPU
	EndGlobalSection
	GlobalSection(ProjectConfigurationPlatforms) = postSolution
		{8225C4B4-27B2-4A9E-A613-53CB540ABC86}.Debug|Any CPU.ActiveCfg = Debug|Any CPU
		{8225C4B4-27B2-4A9E-A613-53CB540ABC86}.Debug|Any CPU.Build.0 = Debug|Any CPU
		{8225C4B4-27B2-4A9E-A613-53CB540ABC86}.Release|Any CPU.ActiveCfg = Release|Any CPU
		{8225C4B4-27B2-4A9E-A613-53CB540ABC86}.Release|Any CPU.Build.0 = Release|Any CPU
	EndGlobalSection
	GlobalSection(SolutionProperties) = preSolution
		HideSolutionNode = FALSE
	EndGlobalSection
EndGlobal
