
Microsoft Visual Studio Solution File, Format Version 12.00
# Visual Studio Version 17
VisualStudioVersion = 17.12.35707.178 d17.12
MinimumVisualStudioVersion = 10.0.40219.1
Project("{FAE04EC0-301F-11D3-BF4B-00C04F79EFBC}") = "GridView_CRUD", "GridView_CRUD\GridView_CRUD.csproj", "{EAF8E90B-CCF5-4870-BD89-4A7E8F06E6FF}"
EndProject
Global
	GlobalSection(SolutionConfigurationPlatforms) = preSolution
		Debug|Any CPU = Debug|Any CPU
		Release|Any CPU = Release|Any CPU
	EndGlobalSection
	GlobalSection(ProjectConfigurationPlatforms) = postSolution
		{EAF8E90B-CCF5-4870-BD89-4A7E8F06E6FF}.Debug|Any CPU.ActiveCfg = Debug|Any CPU
		{EAF8E90B-CCF5-4870-BD89-4A7E8F06E6FF}.Debug|Any CPU.Build.0 = Debug|Any CPU
		{EAF8E90B-CCF5-4870-BD89-4A7E8F06E6FF}.Release|Any CPU.ActiveCfg = Release|Any CPU
		{EAF8E90B-CCF5-4870-BD89-4A7E8F06E6FF}.Release|Any CPU.Build.0 = Release|Any CPU
	EndGlobalSection
	GlobalSection(SolutionProperties) = preSolution
		HideSolutionNode = FALSE
	EndGlobalSection
EndGlobal
